{
  "lockfileVersion": 1,
  "configVersion": 1,
  "workspaces": {
    "": {
      "name": "@nanobot/tui",
      "dependencies": {
        "@opentui/core": "0.5.3",
      },
      "devDependencies": {
        "@types/bun": "^1.3.13",
        "typescript": "^5.9.3",
      },
    },
  },
  "packages": {
    "@opentui/core": ["@opentui/core@0.5.3", "", { "dependencies": { "bun-ffi-structs": "0.3.1", "diff": "9.0.0", "marked": "17.0.1", "string-width": "7.2.0", "strip-ansi": "7.1.2" }, "optionalDependencies": { "@opentui/core-darwin-arm64": "0.5.3", "@opentui/core-darwin-x64": "0.5.3", "@opentui/core-linux-arm64": "0.5.3", "@opentui/core-linux-arm64-musl": "0.5.3", "@opentui/core-linux-x64": "0.5.3", "@opentui/core-linux-x64-musl": "0.5.3", "@opentui/core-win32-arm64": "0.5.3", "@opentui/core-win32-x64": "0.5.3" }, "peerDependencies": { "web-tree-sitter": "0.25.10" } }, "sha512-K8EQu44cx0rhnn3v3baCQW18Bpci3GltZayOwVpGGsbiAGL1WUYqwQjuaWsmS0c4dCa9rQ5xCEoHB1C4936nDg=="],

    "@opentui/core-darwin-arm64": ["@opentui/core-darwin-arm64@0.5.3", "", { "os": "darwin", "cpu": "arm64" }, "sha512-R39YeUqaMb/rH1h6G4MkB4MLVKIrRaUaXLfVqorZM4xgU5BxnfPetRk1vWR9vuLCvDwskg+kQ589kULw0o6AWA=="],

    "@opentui/core-darwin-x64": ["@opentui/core-darwin-x64@0.5.3", "", { "os": "darwin", "cpu": "x64" }, "sha512-1pmUas/chTVFGeiN19kaOx+5Xbte/DLhcgKyACwWO0M3+xE3z1v/6QGSyX6CoP5HBpmDroiX+JHv1ic/JlGd/g=="],

    "@opentui/core-linux-arm64": ["@opentui/core-linux-arm64@0.5.3", "", { "os": "linux", "cpu": "arm64" }, "sha512-0nMo9Q9VIaQVdw2SNKlwIEWMmf3z+cI4jRdCkh36e2RU1FO7LrIBAEmV1ZuRp1CIFVGPkqCXIizCeckZHTr4yQ=="],

    "@opentui/core-linux-arm64-musl": ["@opentui/core-linux-arm64-musl@0.5.3", "", { "os": "linux", "cpu": "arm64" }, "sha512-QOYAxbbWrhYo27Cd6m0ATzpEx9YCAKAq82LgfUn0xu+VKXLNu+Q3hMNSVbG0SepUQQZil5rz228R9o9Cs8995w=="],

    "@opentui/core-linux-x64": ["@opentui/core-linux-x64@0.5.3", "", { "os": "linux", "cpu": "x64" }, "sha512-hdAYLriLpTj3lvpMyL25GPBzvM2w/n2KCSbIwTmgS2F/dPZYCKJxHEETj2lCvtStSp7KuY8tkg3Xl5RAq1v7gA=="],

    "@opentui/core-linux-x64-musl": ["@opentui/core-linux-x64-musl@0.5.3", "", { "os": "linux", "cpu": "x64" }, "sha512-BkVIiPQ1TOf5/FfmIpf7DQU5rT/FO6ASW5R/o/wonI5Pdul7XiDCu86gzGyk1x5k9Sbh6GLeq1fe8/tPmI7IaA=="],

    "@opentui/core-win32-arm64": ["@opentui/core-win32-arm64@0.5.3", "", { "os": "win32", "cpu": "arm64" }, "sha512-AjObTyZPU0xsK3Yk8GmhkboK6OcMoHBbydqYAybeHD4+v6axScSuZ3OEI9J05JJ9T7H2nZNky75tsdnjsvZJmg=="],

    "@opentui/core-win32-x64": ["@opentui/core-win32-x64@0.5.3", "", { "os": "win32", "cpu": "x64" }, "sha512-e3nRlF2nSkLKCUPBF32OL9EDgtQDIh2pBo7tjhumpTyJ3qoNOa3us7DsM290Vw4xnakM6jpk9r9NzRf72CuMVg=="],

    "@types/bun": ["@types/bun@1.3.14", "", { "dependencies": { "bun-types": "1.3.14" } }, "sha512-h1hFqFVcvAvD9j9K7ZW7vd82aSA+rTdznZa+5bwvCwqSB1jmmfLcbIWhOLx1/+boy/xmjgCs/OMUL8hRJSmnPw=="],

    "@types/node": ["@types/node@26.2.0", "", { "dependencies": { "undici-types": "~8.3.0" } }, "sha512-5IviulTZeRNp2vAJ514cc/HUlY5nZ9fCbq9DMyC52BrhFZACo3nI0R7qBxhQmo/d27NFe96ur/b7Wwxklda+kg=="],

    "ansi-regex": ["ansi-regex@6.2.2", "", {}, "sha512-Bq3SmSpyFHaWjPk8If9yc6svM8c56dB5BAtW4Qbw5jHTwwXXcTLoRMkpDJp6VL0XzlWaCHTXrkFURMYmD0sLqg=="],

    "bun-ffi-structs": ["bun-ffi-structs@0.3.1", "", { "peerDependencies": { "typescript": "^5" } }, "sha512-3gM7PpVWLyrwxWjcilSiGuhWanhZivvo6l0u573NziPH6f/gwk6McbaYgn7oJWov6pKGRTDbrg94W5DcJsKTtQ=="],

    "bun-types": ["bun-types@1.3.14", "", { "dependencies": { "@types/node": "*" } }, "sha512-4N0ig0fEomHt5R0KCFWjovxow98rIoRwKolrYdCcknNwMekCXRnWEUvgu5soYV8QXtVsrUD8B95MBOZGPvr6KQ=="],

    "diff": ["diff@9.0.0", "", {}, "sha512-svtcdpS8CgJyqAjEQIXdb3OjhFVVYjzGAPO8WGCmRbrml64SPw/jJD4GoE98aR7r25A0XcgrK3F02yw9R/vhQw=="],

    "emoji-regex": ["emoji-regex@10.6.0", "", {}, "sha512-toUI84YS5YmxW219erniWD0CIVOo46xGKColeNQRgOzDorgBi1v4D71/OFzgD9GO2UGKIv1C3Sp8DAn0+j5w7A=="],

    "get-east-asian-width": ["get-east-asian-width@1.6.0", "", {}, "sha512-QRbvDIbx6YklUe6RxeTeleMR0yv3cYH6PsPZHcnVn7xv7zO1BHN8r0XETu8n6Ye3Q+ahtSarc3WgtNWmehIBfA=="],

    "marked": ["marked@17.0.1", "", { "bin": { "marked": "bin/marked.js" } }, "sha512-boeBdiS0ghpWcSwoNm/jJBwdpFaMnZWRzjA6SkUMYb40SVaN1x7mmfGKp0jvexGcx+7y2La5zRZsYFZI6Qpypg=="],

    "string-width": ["string-width@7.2.0", "", { "dependencies": { "emoji-regex": "^10.3.0", "get-east-asian-width": "^1.0.0", "strip-ansi": "^7.1.0" } }, "sha512-tsaTIkKW9b4N+AEj+SVA+WhJzV7/zMhcSu78mLKWSk7cXMOSHsBKFWUs0fWwq8QyK3MgJBQRX6Gbi4kYbdvGkQ=="],

    "strip-ansi": ["strip-ansi@7.1.2", "", { "dependencies": { "ansi-regex": "^6.0.1" } }, "sha512-gmBGslpoQJtgnMAvOVqGZpEz9dyoKTCzy2nfz/n8aIFhN/jCE/rCmcxabB6jOOHV+0WNnylOxaxBQPSvcWklhA=="],

    "typescript": ["typescript@5.9.3", "", { "bin": { "tsc": "bin/tsc", "tsserver": "bin/tsserver" } }, "sha512-jl1vZzPDinLr9eUt3J/t7V6FgNEw9QjvBPdysz9KfQDD41fQrC2Y4vKQdiaUpFT4bXlb1RHhLpp8wtm6M5TgSw=="],

    "undici-types": ["undici-types@8.3.0", "", {}, "sha512-j375ScV60dom+YkPFIfTLcOiPxkN/buHz5GobjLhixFuANaNs3C9l4GmrWqejgXWJ7BbJcFYpTEUkS1Ge8bpZQ=="],

    "web-tree-sitter": ["web-tree-sitter@0.25.10", "", { "peerDependencies": { "@types/emscripten": "^1.40.0" }, "optionalPeers": ["@types/emscripten"] }, "sha512-Y09sF44/13XvgVKgO2cNDw5rGk6s26MgoZPXLESvMXeefBf7i6/73eFurre0IsTW6E14Y0ArIzhUMmjoc7xyzA=="],
  }
}
